PODS:
  - Alamofire (4.0.1)
  - M13Checkbox (3.1.1)
  - MBProgressHUD (1.0.0)
  - Realm (2.0.2):
    - Realm/Headers (= 2.0.2)
  - Realm/Headers (2.0.2)
  - RealmSwift (2.0.2):
    - Realm (= 2.0.2)
  - RxCocoa (3.0.0):
    - RxSwift (~> 3.0)
  - RxSwift (3.0.0)
  - SwiftyDropbox (4.1.0):
    - Alamofire (~> 4.0.0)

DEPENDENCIES:
  - Alamofire (~> 4.0)
  - M13Checkbox
  - MBProgressHUD (~> 1.0.0)
  - RealmSwift
  - RxCocoa (~> 3.0)
  - RxSwift (~> 3.0)
  - SwiftyDropbox

SPEC CHECKSUMS:
  Alamofire: 7682d43245de14874acd142ec137b144aa1dd335
  M13Checkbox: 64a49ded40e7047e0bef255b73c8c533b7c66bdd
  MBProgressHUD: 4890f671c94e8a0f3cf959aa731e9de2f036d71a
  Realm: 0f5a194af0b7e6158b83db41b4ee1a00be7ddf1a
  RealmSwift: 0eb5070d851cba7c66e841ca756d83609dc78bc8
  RxCocoa: 0a2f3ae381cf16f4021a4cee7a4420f83058a965
  RxSwift: a930cd662f5b4a7ca9dc3518585dba91dadf497c
  SwiftyDropbox: 0893e21982678ed69237c7c964a00c7a6f7079bb

PODFILE CHECKSUM: bf71d837982b1523e26422b6f929707e6dedfcbc

COCOAPODS: 1.0.1
