PODS:
  - Alamofire (3.3.1)
  - MBProgressHUD (1.0.0)
  - Realm (1.0.2):
    - Realm/Headers (= 1.0.2)
  - Realm/Headers (1.0.2)
  - RealmSwift (1.0.2):
    - Realm (= 1.0.2)
  - RxCocoa (2.6.0):
    - RxSwift (~> 2.5)
  - RxSwift (2.6.0)
  - SwiftyDropbox (3.2.0):
    - Alamofire (~> 3.3.1)

DEPENDENCIES:
  - MBProgressHUD (~> 1.0.0)
  - RealmSwift
  - RxCocoa (~> 2.6)
  - RxSwift (~> 2.6)
  - SwiftyDropbox

SPEC CHECKSUMS:
  Alamofire: 369bc67b6f5ac33ded3648d7bd21c5bfb91c2ecc
  MBProgressHUD: 4890f671c94e8a0f3cf959aa731e9de2f036d71a
  Realm: 9d5c46a4d7d27958530a8dfc58f63a99e5c2cba3
  RealmSwift: 82f3ac5e24530143dddfde2033acc0d308f27d96
  RxCocoa: 89ab00d5753502520227940e3a0e0a0413683c6b
  RxSwift: 77f3a0b15324baa7a1c9bfa9f199648a82424e26
  SwiftyDropbox: fba9da0b1b72ae51edfeb1ee2a13aaef852ea6d7

PODFILE CHECKSUM: 29a82854f0a3e199a7e297b1d08a3839e6240ece

COCOAPODS: 1.0.1
