// !$*UTF8*$!
{
	archiveVersion = 1;
	classes = {
	};
	objectVersion = 46;
	objects = {

/* Begin PBXBuildFile section */
		4F1CBBAA1D7D98D800C1FF1D /* AppDelegate.swift in Sources */ = {isa = PBXBuildFile; fileRef = 4F1CBBA91D7D98D800C1FF1D /* AppDelegate.swift */; };
		4F1CBBB11D7D98D800C1FF1D /* Main.storyboard in Resources */ = {isa = PBXBuildFile; fileRef = 4F1CBBAF1D7D98D800C1FF1D /* Main.storyboard */; };
		4F1CBBB31D7D98D900C1FF1D /* Assets.xcassets in Resources */ = {isa = PBXBuildFile; fileRef = 4F1CBBB21D7D98D900C1FF1D /* Assets.xcassets */; };
		4F1CBBB61D7D98D900C1FF1D /* LaunchScreen.storyboard in Resources */ = {isa = PBXBuildFile; fileRef = 4F1CBBB41D7D98D900C1FF1D /* LaunchScreen.storyboard */; };
		4F1CBBC11D7D98D900C1FF1D /* Cloud_PlayerTests.swift in Sources */ = {isa = PBXBuildFile; fileRef = 4F1CBBC01D7D98D900C1FF1D /* Cloud_PlayerTests.swift */; };
		4F1CBBCC1D7D98D900C1FF1D /* Cloud_PlayerUITests.swift in Sources */ = {isa = PBXBuildFile; fileRef = 4F1CBBCB1D7D98D900C1FF1D /* Cloud_PlayerUITests.swift */; };
		4F5418CA1D8886B60027E193 /* UIViewControllerExtension.swift in Sources */ = {isa = PBXBuildFile; fileRef = 4F5418C91D8886B60027E193 /* UIViewControllerExtension.swift */; };
		4F5418CC1D888F5C0027E193 /* SongsTableViewCell.swift in Sources */ = {isa = PBXBuildFile; fileRef = 4F5418CB1D888F5C0027E193 /* SongsTableViewCell.swift */; };
		4F5433D31D8735ED00495C32 /* LoginViewModel.swift in Sources */ = {isa = PBXBuildFile; fileRef = 4F5433D21D8735ED00495C32 /* LoginViewModel.swift */; };
		4F877B571D8829C7008E7DCF /* DropboxManager.swift in Sources */ = {isa = PBXBuildFile; fileRef = 4F877B561D8829C7008E7DCF /* DropboxManager.swift */; };
		4F877B591D8829E2008E7DCF /* SongsViewModel.swift in Sources */ = {isa = PBXBuildFile; fileRef = 4F877B581D8829E2008E7DCF /* SongsViewModel.swift */; };
		4F877B5B1D882CE4008E7DCF /* Song.swift in Sources */ = {isa = PBXBuildFile; fileRef = 4F877B5A1D882CE4008E7DCF /* Song.swift */; };
		4FACA9A51D8ACDF000EAB476 /* SyncTableViewCell.swift in Sources */ = {isa = PBXBuildFile; fileRef = 4FACA9A41D8ACDF000EAB476 /* SyncTableViewCell.swift */; };
		4FACA9AA1D8B40F300EAB476 /* ActionState.swift in Sources */ = {isa = PBXBuildFile; fileRef = 4FACA9A91D8B40F300EAB476 /* ActionState.swift */; };
		4FAE875E1D7EA08400456AE5 /* API.plist in Resources */ = {isa = PBXBuildFile; fileRef = 4FAE875D1D7EA08400456AE5 /* API.plist */; };
		4FAE87611D7EA0B200456AE5 /* API-SAMPLE.plist in Resources */ = {isa = PBXBuildFile; fileRef = 4FAE87601D7EA0B200456AE5 /* API-SAMPLE.plist */; };
		4FAE87651D7EA27000456AE5 /* APIConstants.swift in Sources */ = {isa = PBXBuildFile; fileRef = 4FAE87641D7EA27000456AE5 /* APIConstants.swift */; };
		4FAE87691D7EA67600456AE5 /* LoginViewController.swift in Sources */ = {isa = PBXBuildFile; fileRef = 4FAE87681D7EA67600456AE5 /* LoginViewController.swift */; };
		4FAE876B1D7EA78400456AE5 /* SettingsViewController.swift in Sources */ = {isa = PBXBuildFile; fileRef = 4FAE876A1D7EA78400456AE5 /* SettingsViewController.swift */; };
		4FAE876D1D7EA9C600456AE5 /* SongsViewController.swift in Sources */ = {isa = PBXBuildFile; fileRef = 4FAE876C1D7EA9C600456AE5 /* SongsViewController.swift */; };
		4FAF17D01D89DCF500E6B7BD /* SyncViewModel.swift in Sources */ = {isa = PBXBuildFile; fileRef = 4FAF17CF1D89DCF500E6B7BD /* SyncViewModel.swift */; };
		4FAF17D21D89DD2D00E6B7BD /* SyncViewController.swift in Sources */ = {isa = PBXBuildFile; fileRef = 4FAF17D11D89DD2D00E6B7BD /* SyncViewController.swift */; };
		4FAF17D41D89DFA000E6B7BD /* DatabaseManager.swift in Sources */ = {isa = PBXBuildFile; fileRef = 4FAF17D31D89DFA000E6B7BD /* DatabaseManager.swift */; };
		4FB9B8EE1D8B6B7400785876 /* FileManager.swift in Sources */ = {isa = PBXBuildFile; fileRef = 4FB9B8ED1D8B6B7400785876 /* FileManager.swift */; };
		4FBB462C1D7DEED6000D3F2F /* Songs.storyboard in Resources */ = {isa = PBXBuildFile; fileRef = 4FBB462A1D7DEED6000D3F2F /* Songs.storyboard */; };
		4FBB462F1D7DEEE5000D3F2F /* Playlists.storyboard in Resources */ = {isa = PBXBuildFile; fileRef = 4FBB462D1D7DEEE5000D3F2F /* Playlists.storyboard */; };
		4FBB46321D7DEF5C000D3F2F /* Settings.storyboard in Resources */ = {isa = PBXBuildFile; fileRef = 4FBB46301D7DEF5C000D3F2F /* Settings.storyboard */; };
		4FBB46351D7DEFB8000D3F2F /* Favorites.storyboard in Resources */ = {isa = PBXBuildFile; fileRef = 4FBB46331D7DEFB8000D3F2F /* Favorites.storyboard */; };
		4FED3ABB1D93138500762E43 /* Player.storyboard in Resources */ = {isa = PBXBuildFile; fileRef = 4FED3AB91D93138500762E43 /* Player.storyboard */; };
		4FED3ABD1D931F1000762E43 /* PlayerViewController.swift in Sources */ = {isa = PBXBuildFile; fileRef = 4FED3ABC1D931F1000762E43 /* PlayerViewController.swift */; };
		877F6BC1EA9AABB1D641E41A /* Pods_Cloud_PlayerUITests.framework in Frameworks */ = {isa = PBXBuildFile; fileRef = DC135DD4E0BB9860B4C1B457 /* Pods_Cloud_PlayerUITests.framework */; };
		A50F970FBCD85E9C935DCD39 /* Pods_Cloud_Player.framework in Frameworks */ = {isa = PBXBuildFile; fileRef = E123DFB70CF3DD788DA98DD8 /* Pods_Cloud_Player.framework */; };
		F710DD86D2DBA70C90B9ACFC /* Pods_Cloud_PlayerTests.framework in Frameworks */ = {isa = PBXBuildFile; fileRef = 80DAEF0793BB89C20F6E598B /* Pods_Cloud_PlayerTests.framework */; };
/* End PBXBuildFile section */

/* Begin PBXContainerItemProxy section */
		4F1CBBBD1D7D98D900C1FF1D /* PBXContainerItemProxy */ = {
			isa = PBXContainerItemProxy;
			containerPortal = 4F1CBB9E1D7D98D800C1FF1D /* Project object */;
			proxyType = 1;
			remoteGlobalIDString = 4F1CBBA51D7D98D800C1FF1D;
			remoteInfo = "Cloud Player";
		};
		4F1CBBC81D7D98D900C1FF1D /* PBXContainerItemProxy */ = {
			isa = PBXContainerItemProxy;
			containerPortal = 4F1CBB9E1D7D98D800C1FF1D /* Project object */;
			proxyType = 1;
			remoteGlobalIDString = 4F1CBBA51D7D98D800C1FF1D;
			remoteInfo = "Cloud Player";
		};
/* End PBXContainerItemProxy section */

/* Begin PBXFileReference section */
		111619D0ABEBB87869888D98 /* Pods-Cloud PlayerUITests.release.xcconfig */ = {isa = PBXFileReference; includeInIndex = 1; lastKnownFileType = text.xcconfig; name = "Pods-Cloud PlayerUITests.release.xcconfig"; path = "Pods/Target Support Files/Pods-Cloud PlayerUITests/Pods-Cloud PlayerUITests.release.xcconfig"; sourceTree = "<group>"; };
		209A4A5BDDB060585E4DB08A /* Pods-Cloud Player.release.xcconfig */ = {isa = PBXFileReference; includeInIndex = 1; lastKnownFileType = text.xcconfig; name = "Pods-Cloud Player.release.xcconfig"; path = "Pods/Target Support Files/Pods-Cloud Player/Pods-Cloud Player.release.xcconfig"; sourceTree = "<group>"; };
		30A3F2E22077B1B04CF75175 /* Pods-Cloud Player.debug.xcconfig */ = {isa = PBXFileReference; includeInIndex = 1; lastKnownFileType = text.xcconfig; name = "Pods-Cloud Player.debug.xcconfig"; path = "Pods/Target Support Files/Pods-Cloud Player/Pods-Cloud Player.debug.xcconfig"; sourceTree = "<group>"; };
		3CDA58929DA8AAC940D548B5 /* Pods-Cloud PlayerUITests.debug.xcconfig */ = {isa = PBXFileReference; includeInIndex = 1; lastKnownFileType = text.xcconfig; name = "Pods-Cloud PlayerUITests.debug.xcconfig"; path = "Pods/Target Support Files/Pods-Cloud PlayerUITests/Pods-Cloud PlayerUITests.debug.xcconfig"; sourceTree = "<group>"; };
		40A1F828AC636D3042862F24 /* Pods-Cloud PlayerTests.debug.xcconfig */ = {isa = PBXFileReference; includeInIndex = 1; lastKnownFileType = text.xcconfig; name = "Pods-Cloud PlayerTests.debug.xcconfig"; path = "Pods/Target Support Files/Pods-Cloud PlayerTests/Pods-Cloud PlayerTests.debug.xcconfig"; sourceTree = "<group>"; };
		4F1CBBA61D7D98D800C1FF1D /* Cloud Player.app */ = {isa = PBXFileReference; explicitFileType = wrapper.application; includeInIndex = 0; path = "Cloud Player.app"; sourceTree = BUILT_PRODUCTS_DIR; };
		4F1CBBA91D7D98D800C1FF1D /* AppDelegate.swift */ = {isa = PBXFileReference; lastKnownFileType = sourcecode.swift; path = AppDelegate.swift; sourceTree = "<group>"; };
		4F1CBBB01D7D98D800C1FF1D /* Base */ = {isa = PBXFileReference; lastKnownFileType = file.storyboard; name = Base; path = Base.lproj/Main.storyboard; sourceTree = "<group>"; };
		4F1CBBB21D7D98D900C1FF1D /* Assets.xcassets */ = {isa = PBXFileReference; lastKnownFileType = folder.assetcatalog; path = Assets.xcassets; sourceTree = "<group>"; };
		4F1CBBB51D7D98D900C1FF1D /* Base */ = {isa = PBXFileReference; lastKnownFileType = file.storyboard; name = Base; path = Base.lproj/LaunchScreen.storyboard; sourceTree = "<group>"; };
		4F1CBBB71D7D98D900C1FF1D /* Info-SAMPLE.plist */ = {isa = PBXFileReference; lastKnownFileType = text.plist.xml; path = "Info-SAMPLE.plist"; sourceTree = "<group>"; };
		4F1CBBBC1D7D98D900C1FF1D /* Cloud PlayerTests.xctest */ = {isa = PBXFileReference; explicitFileType = wrapper.cfbundle; includeInIndex = 0; path = "Cloud PlayerTests.xctest"; sourceTree = BUILT_PRODUCTS_DIR; };
		4F1CBBC01D7D98D900C1FF1D /* Cloud_PlayerTests.swift */ = {isa = PBXFileReference; lastKnownFileType = sourcecode.swift; path = Cloud_PlayerTests.swift; sourceTree = "<group>"; };
		4F1CBBC21D7D98D900C1FF1D /* Info.plist */ = {isa = PBXFileReference; lastKnownFileType = text.plist.xml; path = Info.plist; sourceTree = "<group>"; };
		4F1CBBC71D7D98D900C1FF1D /* Cloud PlayerUITests.xctest */ = {isa = PBXFileReference; explicitFileType = wrapper.cfbundle; includeInIndex = 0; path = "Cloud PlayerUITests.xctest"; sourceTree = BUILT_PRODUCTS_DIR; };
		4F1CBBCB1D7D98D900C1FF1D /* Cloud_PlayerUITests.swift */ = {isa = PBXFileReference; lastKnownFileType = sourcecode.swift; path = Cloud_PlayerUITests.swift; sourceTree = "<group>"; };
		4F1CBBCD1D7D98D900C1FF1D /* Info.plist */ = {isa = PBXFileReference; lastKnownFileType = text.plist.xml; path = Info.plist; sourceTree = "<group>"; };
		4F5418C91D8886B60027E193 /* UIViewControllerExtension.swift */ = {isa = PBXFileReference; fileEncoding = 4; lastKnownFileType = sourcecode.swift; path = UIViewControllerExtension.swift; sourceTree = "<group>"; };
		4F5418CB1D888F5C0027E193 /* SongsTableViewCell.swift */ = {isa = PBXFileReference; fileEncoding = 4; lastKnownFileType = sourcecode.swift; path = SongsTableViewCell.swift; sourceTree = "<group>"; };
		4F5433D21D8735ED00495C32 /* LoginViewModel.swift */ = {isa = PBXFileReference; fileEncoding = 4; lastKnownFileType = sourcecode.swift; path = LoginViewModel.swift; sourceTree = "<group>"; };
		4F877B561D8829C7008E7DCF /* DropboxManager.swift */ = {isa = PBXFileReference; fileEncoding = 4; lastKnownFileType = sourcecode.swift; path = DropboxManager.swift; sourceTree = "<group>"; };
		4F877B581D8829E2008E7DCF /* SongsViewModel.swift */ = {isa = PBXFileReference; fileEncoding = 4; lastKnownFileType = sourcecode.swift; path = SongsViewModel.swift; sourceTree = "<group>"; };
		4F877B5A1D882CE4008E7DCF /* Song.swift */ = {isa = PBXFileReference; fileEncoding = 4; lastKnownFileType = sourcecode.swift; path = Song.swift; sourceTree = "<group>"; };
		4FACA9A41D8ACDF000EAB476 /* SyncTableViewCell.swift */ = {isa = PBXFileReference; fileEncoding = 4; lastKnownFileType = sourcecode.swift; path = SyncTableViewCell.swift; sourceTree = "<group>"; };
		4FACA9A91D8B40F300EAB476 /* ActionState.swift */ = {isa = PBXFileReference; fileEncoding = 4; lastKnownFileType = sourcecode.swift; path = ActionState.swift; sourceTree = "<group>"; };
		4FAE875D1D7EA08400456AE5 /* API.plist */ = {isa = PBXFileReference; fileEncoding = 4; lastKnownFileType = text.plist.xml; path = API.plist; sourceTree = "<group>"; };
		4FAE87601D7EA0B200456AE5 /* API-SAMPLE.plist */ = {isa = PBXFileReference; fileEncoding = 4; lastKnownFileType = text.plist.xml; path = "API-SAMPLE.plist"; sourceTree = "<group>"; };
		4FAE87641D7EA27000456AE5 /* APIConstants.swift */ = {isa = PBXFileReference; fileEncoding = 4; lastKnownFileType = sourcecode.swift; path = APIConstants.swift; sourceTree = "<group>"; };
		4FAE87661D7EA50D00456AE5 /* Info.plist */ = {isa = PBXFileReference; fileEncoding = 4; lastKnownFileType = text.plist.xml; path = Info.plist; sourceTree = "<group>"; };
		4FAE87681D7EA67600456AE5 /* LoginViewController.swift */ = {isa = PBXFileReference; fileEncoding = 4; lastKnownFileType = sourcecode.swift; path = LoginViewController.swift; sourceTree = "<group>"; };
		4FAE876A1D7EA78400456AE5 /* SettingsViewController.swift */ = {isa = PBXFileReference; fileEncoding = 4; lastKnownFileType = sourcecode.swift; path = SettingsViewController.swift; sourceTree = "<group>"; };
		4FAE876C1D7EA9C600456AE5 /* SongsViewController.swift */ = {isa = PBXFileReference; fileEncoding = 4; lastKnownFileType = sourcecode.swift; path = SongsViewController.swift; sourceTree = "<group>"; };
		4FAF17CF1D89DCF500E6B7BD /* SyncViewModel.swift */ = {isa = PBXFileReference; fileEncoding = 4; lastKnownFileType = sourcecode.swift; path = SyncViewModel.swift; sourceTree = "<group>"; };
		4FAF17D11D89DD2D00E6B7BD /* SyncViewController.swift */ = {isa = PBXFileReference; fileEncoding = 4; lastKnownFileType = sourcecode.swift; path = SyncViewController.swift; sourceTree = "<group>"; };
		4FAF17D31D89DFA000E6B7BD /* DatabaseManager.swift */ = {isa = PBXFileReference; fileEncoding = 4; lastKnownFileType = sourcecode.swift; path = DatabaseManager.swift; sourceTree = "<group>"; };
		4FB9B8ED1D8B6B7400785876 /* FileManager.swift */ = {isa = PBXFileReference; fileEncoding = 4; lastKnownFileType = sourcecode.swift; path = FileManager.swift; sourceTree = "<group>"; };
		4FBB462B1D7DEED6000D3F2F /* Base */ = {isa = PBXFileReference; lastKnownFileType = file.storyboard; name = Base; path = Base.lproj/Songs.storyboard; sourceTree = "<group>"; };
		4FBB462E1D7DEEE5000D3F2F /* Base */ = {isa = PBXFileReference; lastKnownFileType = file.storyboard; name = Base; path = Base.lproj/Playlists.storyboard; sourceTree = "<group>"; };
		4FBB46311D7DEF5C000D3F2F /* Base */ = {isa = PBXFileReference; lastKnownFileType = file.storyboard; name = Base; path = Base.lproj/Settings.storyboard; sourceTree = "<group>"; };
		4FBB46341D7DEFB8000D3F2F /* Base */ = {isa = PBXFileReference; lastKnownFileType = file.storyboard; name = Base; path = Base.lproj/Favorites.storyboard; sourceTree = "<group>"; };
		4FED3ABA1D93138500762E43 /* Base */ = {isa = PBXFileReference; lastKnownFileType = file.storyboard; name = Base; path = Base.lproj/Player.storyboard; sourceTree = "<group>"; };
		4FED3ABC1D931F1000762E43 /* PlayerViewController.swift */ = {isa = PBXFileReference; fileEncoding = 4; lastKnownFileType = sourcecode.swift; path = PlayerViewController.swift; sourceTree = "<group>"; };
		80DAEF0793BB89C20F6E598B /* Pods_Cloud_PlayerTests.framework */ = {isa = PBXFileReference; explicitFileType = wrapper.framework; includeInIndex = 0; path = Pods_Cloud_PlayerTests.framework; sourceTree = BUILT_PRODUCTS_DIR; };
		B59319A77DE8BF2AAC5F4F6F /* Pods-Cloud PlayerTests.release.xcconfig */ = {isa = PBXFileReference; includeInIndex = 1; lastKnownFileType = text.xcconfig; name = "Pods-Cloud PlayerTests.release.xcconfig"; path = "Pods/Target Support Files/Pods-Cloud PlayerTests/Pods-Cloud PlayerTests.release.xcconfig"; sourceTree = "<group>"; };
		DC135DD4E0BB9860B4C1B457 /* Pods_Cloud_PlayerUITests.framework */ = {isa = PBXFileReference; explicitFileType = wrapper.framework; includeInIndex = 0; path = Pods_Cloud_PlayerUITests.framework; sourceTree = BUILT_PRODUCTS_DIR; };
		E123DFB70CF3DD788DA98DD8 /* Pods_Cloud_Player.framework */ = {isa = PBXFileReference; explicitFileType = wrapper.framework; includeInIndex = 0; path = Pods_Cloud_Player.framework; sourceTree = BUILT_PRODUCTS_DIR; };
/* End PBXFileReference section */

/* Begin PBXFrameworksBuildPhase section */
		4F1CBBA31D7D98D800C1FF1D /* Frameworks */ = {
			isa = PBXFrameworksBuildPhase;
			buildActionMask = 2147483647;
			files = (
				A50F970FBCD85E9C935DCD39 /* Pods_Cloud_Player.framework in Frameworks */,
			);
			runOnlyForDeploymentPostprocessing = 0;
		};
		4F1CBBB91D7D98D900C1FF1D /* Frameworks */ = {
			isa = PBXFrameworksBuildPhase;
			buildActionMask = 2147483647;
			files = (
				F710DD86D2DBA70C90B9ACFC /* Pods_Cloud_PlayerTests.framework in Frameworks */,
			);
			runOnlyForDeploymentPostprocessing = 0;
		};
		4F1CBBC41D7D98D900C1FF1D /* Frameworks */ = {
			isa = PBXFrameworksBuildPhase;
			buildActionMask = 2147483647;
			files = (
				877F6BC1EA9AABB1D641E41A /* Pods_Cloud_PlayerUITests.framework in Frameworks */,
			);
			runOnlyForDeploymentPostprocessing = 0;
		};
/* End PBXFrameworksBuildPhase section */

/* Begin PBXGroup section */
		07CF77A4F6777633C03A0EA4 /* Frameworks */ = {
			isa = PBXGroup;
			children = (
				E123DFB70CF3DD788DA98DD8 /* Pods_Cloud_Player.framework */,
				80DAEF0793BB89C20F6E598B /* Pods_Cloud_PlayerTests.framework */,
				DC135DD4E0BB9860B4C1B457 /* Pods_Cloud_PlayerUITests.framework */,
			);
			name = Frameworks;
			sourceTree = "<group>";
		};
		296C6E44B97B481E3D6E128D /* Pods */ = {
			isa = PBXGroup;
			children = (
				30A3F2E22077B1B04CF75175 /* Pods-Cloud Player.debug.xcconfig */,
				209A4A5BDDB060585E4DB08A /* Pods-Cloud Player.release.xcconfig */,
				40A1F828AC636D3042862F24 /* Pods-Cloud PlayerTests.debug.xcconfig */,
				B59319A77DE8BF2AAC5F4F6F /* Pods-Cloud PlayerTests.release.xcconfig */,
				3CDA58929DA8AAC940D548B5 /* Pods-Cloud PlayerUITests.debug.xcconfig */,
				111619D0ABEBB87869888D98 /* Pods-Cloud PlayerUITests.release.xcconfig */,
			);
			name = Pods;
			sourceTree = "<group>";
		};
		4F1CBB9D1D7D98D800C1FF1D = {
			isa = PBXGroup;
			children = (
				4F1CBBA81D7D98D800C1FF1D /* Cloud Player */,
				4F1CBBBF1D7D98D900C1FF1D /* Cloud PlayerTests */,
				4F1CBBCA1D7D98D900C1FF1D /* Cloud PlayerUITests */,
				4F1CBBA71D7D98D800C1FF1D /* Products */,
				296C6E44B97B481E3D6E128D /* Pods */,
				07CF77A4F6777633C03A0EA4 /* Frameworks */,
			);
			sourceTree = "<group>";
		};
		4F1CBBA71D7D98D800C1FF1D /* Products */ = {
			isa = PBXGroup;
			children = (
				4F1CBBA61D7D98D800C1FF1D /* Cloud Player.app */,
				4F1CBBBC1D7D98D900C1FF1D /* Cloud PlayerTests.xctest */,
				4F1CBBC71D7D98D900C1FF1D /* Cloud PlayerUITests.xctest */,
			);
			name = Products;
			sourceTree = "<group>";
		};
		4F1CBBA81D7D98D800C1FF1D /* Cloud Player */ = {
			isa = PBXGroup;
			children = (
				4F5418C81D88869F0027E193 /* Extensions */,
				4FAE875F1D7EA09A00456AE5 /* Supporting Files */,
				4F5433D01D87319000495C32 /* Managers */,
				4F5433CE1D87311900495C32 /* Stores */,
				4F5433CC1D8730F200495C32 /* Models */,
				4F5433CD1D87310100495C32 /* ViewModels */,
				4F5433CB1D8730D900495C32 /* Views */,
				4F5433CF1D87314200495C32 /* User Interface */,
				4F1CBBB21D7D98D900C1FF1D /* Assets.xcassets */,
			);
			path = "Cloud Player";
			sourceTree = "<group>";
		};
		4F1CBBBF1D7D98D900C1FF1D /* Cloud PlayerTests */ = {
			isa = PBXGroup;
			children = (
				4F1CBBC01D7D98D900C1FF1D /* Cloud_PlayerTests.swift */,
				4F1CBBC21D7D98D900C1FF1D /* Info.plist */,
			);
			path = "Cloud PlayerTests";
			sourceTree = "<group>";
		};
		4F1CBBCA1D7D98D900C1FF1D /* Cloud PlayerUITests */ = {
			isa = PBXGroup;
			children = (
				4F1CBBCB1D7D98D900C1FF1D /* Cloud_PlayerUITests.swift */,
				4F1CBBCD1D7D98D900C1FF1D /* Info.plist */,
			);
			path = "Cloud PlayerUITests";
			sourceTree = "<group>";
		};
		4F5418C81D88869F0027E193 /* Extensions */ = {
			isa = PBXGroup;
			children = (
				4F5418C91D8886B60027E193 /* UIViewControllerExtension.swift */,
			);
			path = Extensions;
			sourceTree = "<group>";
		};
		4F5433CB1D8730D900495C32 /* Views */ = {
			isa = PBXGroup;
			children = (
				4FAE87681D7EA67600456AE5 /* LoginViewController.swift */,
				4FED3ABC1D931F1000762E43 /* PlayerViewController.swift */,
				4FAF17D11D89DD2D00E6B7BD /* SyncViewController.swift */,
				4FACA9A41D8ACDF000EAB476 /* SyncTableViewCell.swift */,
				4FAE876C1D7EA9C600456AE5 /* SongsViewController.swift */,
				4F5418CB1D888F5C0027E193 /* SongsTableViewCell.swift */,
				4FAE876A1D7EA78400456AE5 /* SettingsViewController.swift */,
			);
			path = Views;
			sourceTree = "<group>";
		};
		4F5433CC1D8730F200495C32 /* Models */ = {
			isa = PBXGroup;
			children = (
				4FACA9A91D8B40F300EAB476 /* ActionState.swift */,
				4F877B5A1D882CE4008E7DCF /* Song.swift */,
			);
			path = Models;
			sourceTree = "<group>";
		};
		4F5433CD1D87310100495C32 /* ViewModels */ = {
			isa = PBXGroup;
			children = (
				4F5433D21D8735ED00495C32 /* LoginViewModel.swift */,
				4FAF17CF1D89DCF500E6B7BD /* SyncViewModel.swift */,
				4F877B581D8829E2008E7DCF /* SongsViewModel.swift */,
			);
			path = ViewModels;
			sourceTree = "<group>";
		};
		4F5433CE1D87311900495C32 /* Stores */ = {
			isa = PBXGroup;
			children = (
				4FAE87641D7EA27000456AE5 /* APIConstants.swift */,
			);
			path = Stores;
			sourceTree = "<group>";
		};
		4F5433CF1D87314200495C32 /* User Interface */ = {
			isa = PBXGroup;
			children = (
				4FED3AB91D93138500762E43 /* Player.storyboard */,
				4FBB462A1D7DEED6000D3F2F /* Songs.storyboard */,
				4FBB46331D7DEFB8000D3F2F /* Favorites.storyboard */,
				4FBB462D1D7DEEE5000D3F2F /* Playlists.storyboard */,
				4FBB46301D7DEF5C000D3F2F /* Settings.storyboard */,
				4F1CBBAF1D7D98D800C1FF1D /* Main.storyboard */,
				4F1CBBB41D7D98D900C1FF1D /* LaunchScreen.storyboard */,
			);
			name = "User Interface";
			sourceTree = "<group>";
		};
		4F5433D01D87319000495C32 /* Managers */ = {
			isa = PBXGroup;
			children = (
				4F877B561D8829C7008E7DCF /* DropboxManager.swift */,
				4FAF17D31D89DFA000E6B7BD /* DatabaseManager.swift */,
				4FB9B8ED1D8B6B7400785876 /* FileManager.swift */,
			);
			path = Managers;
			sourceTree = "<group>";
		};
		4FAE875F1D7EA09A00456AE5 /* Supporting Files */ = {
			isa = PBXGroup;
			children = (
				4F1CBBA91D7D98D800C1FF1D /* AppDelegate.swift */,
				4FAE875D1D7EA08400456AE5 /* API.plist */,
				4FAE87661D7EA50D00456AE5 /* Info.plist */,
				4FAE87601D7EA0B200456AE5 /* API-SAMPLE.plist */,
				4F1CBBB71D7D98D900C1FF1D /* Info-SAMPLE.plist */,
			);
			path = "Supporting Files";
			sourceTree = "<group>";
		};
/* End PBXGroup section */

/* Begin PBXNativeTarget section */
		4F1CBBA51D7D98D800C1FF1D /* Cloud Player */ = {
			isa = PBXNativeTarget;
			buildConfigurationList = 4F1CBBD01D7D98D900C1FF1D /* Build configuration list for PBXNativeTarget "Cloud Player" */;
			buildPhases = (
				2576452119436E38824B4871 /* [CP] Check Pods Manifest.lock */,
				4F1CBBA21D7D98D800C1FF1D /* Sources */,
				4F1CBBA31D7D98D800C1FF1D /* Frameworks */,
				4F1CBBA41D7D98D800C1FF1D /* Resources */,
				15A51847A956B74891F8FC14 /* [CP] Embed Pods Frameworks */,
				3B6EBE2520031514F7155658 /* [CP] Copy Pods Resources */,
			);
			buildRules = (
			);
			dependencies = (
			);
			name = "Cloud Player";
			productName = "Cloud Player";
			productReference = 4F1CBBA61D7D98D800C1FF1D /* Cloud Player.app */;
			productType = "com.apple.product-type.application";
		};
		4F1CBBBB1D7D98D900C1FF1D /* Cloud PlayerTests */ = {
			isa = PBXNativeTarget;
			buildConfigurationList = 4F1CBBD31D7D98D900C1FF1D /* Build configuration list for PBXNativeTarget "Cloud PlayerTests" */;
			buildPhases = (
				1F2340E08533388465B7EC04 /* [CP] Check Pods Manifest.lock */,
				4F1CBBB81D7D98D900C1FF1D /* Sources */,
				4F1CBBB91D7D98D900C1FF1D /* Frameworks */,
				4F1CBBBA1D7D98D900C1FF1D /* Resources */,
				76935435C083F367B6F48F1C /* [CP] Embed Pods Frameworks */,
				4205C80A845962674F28274E /* [CP] Copy Pods Resources */,
			);
			buildRules = (
			);
			dependencies = (
				4F1CBBBE1D7D98D900C1FF1D /* PBXTargetDependency */,
			);
			name = "Cloud PlayerTests";
			productName = "Cloud PlayerTests";
			productReference = 4F1CBBBC1D7D98D900C1FF1D /* Cloud PlayerTests.xctest */;
			productType = "com.apple.product-type.bundle.unit-test";
		};
		4F1CBBC61D7D98D900C1FF1D /* Cloud PlayerUITests */ = {
			isa = PBXNativeTarget;
			buildConfigurationList = 4F1CBBD61D7D98D900C1FF1D /* Build configuration list for PBXNativeTarget "Cloud PlayerUITests" */;
			buildPhases = (
				845C088F1D26EC80CF2B774C /* [CP] Check Pods Manifest.lock */,
				4F1CBBC31D7D98D900C1FF1D /* Sources */,
				4F1CBBC41D7D98D900C1FF1D /* Frameworks */,
				4F1CBBC51D7D98D900C1FF1D /* Resources */,
				3978D7C9483B06B4409C0275 /* [CP] Copy Pods Resources */,
			);
			buildRules = (
			);
			dependencies = (
				4F1CBBC91D7D98D900C1FF1D /* PBXTargetDependency */,
			);
			name = "Cloud PlayerUITests";
			productName = "Cloud PlayerUITests";
			productReference = 4F1CBBC71D7D98D900C1FF1D /* Cloud PlayerUITests.xctest */;
			productType = "com.apple.product-type.bundle.ui-testing";
		};
/* End PBXNativeTarget section */

/* Begin PBXProject section */
		4F1CBB9E1D7D98D800C1FF1D /* Project object */ = {
			isa = PBXProject;
			attributes = {
				LastSwiftUpdateCheck = 0730;
				LastUpgradeCheck = 0730;
				ORGANIZATIONNAME = "Nikola Majcen";
				TargetAttributes = {
					4F1CBBA51D7D98D800C1FF1D = {
						CreatedOnToolsVersion = 7.3.1;
						DevelopmentTeam = UR88X5AHVX;
					};
					4F1CBBBB1D7D98D900C1FF1D = {
						CreatedOnToolsVersion = 7.3.1;
						DevelopmentTeam = UR88X5AHVX;
						TestTargetID = 4F1CBBA51D7D98D800C1FF1D;
					};
					4F1CBBC61D7D98D900C1FF1D = {
						CreatedOnToolsVersion = 7.3.1;
						DevelopmentTeam = UR88X5AHVX;
						TestTargetID = 4F1CBBA51D7D98D800C1FF1D;
					};
				};
			};
			buildConfigurationList = 4F1CBBA11D7D98D800C1FF1D /* Build configuration list for PBXProject "Cloud Player" */;
			compatibilityVersion = "Xcode 3.2";
			developmentRegion = English;
			hasScannedForEncodings = 0;
			knownRegions = (
				en,
				Base,
			);
			mainGroup = 4F1CBB9D1D7D98D800C1FF1D;
			productRefGroup = 4F1CBBA71D7D98D800C1FF1D /* Products */;
			projectDirPath = "";
			projectRoot = "";
			targets = (
				4F1CBBA51D7D98D800C1FF1D /* Cloud Player */,
				4F1CBBBB1D7D98D900C1FF1D /* Cloud PlayerTests */,
				4F1CBBC61D7D98D900C1FF1D /* Cloud PlayerUITests */,
			);
		};
/* End PBXProject section */

/* Begin PBXResourcesBuildPhase section */
		4F1CBBA41D7D98D800C1FF1D /* Resources */ = {
			isa = PBXResourcesBuildPhase;
			buildActionMask = 2147483647;
			files = (
				4F1CBBB61D7D98D900C1FF1D /* LaunchScreen.storyboard in Resources */,
				4FBB462F1D7DEEE5000D3F2F /* Playlists.storyboard in Resources */,
				4FBB462C1D7DEED6000D3F2F /* Songs.storyboard in Resources */,
				4FBB46321D7DEF5C000D3F2F /* Settings.storyboard in Resources */,
				4FBB46351D7DEFB8000D3F2F /* Favorites.storyboard in Resources */,
				4FAE87611D7EA0B200456AE5 /* API-SAMPLE.plist in Resources */,
				4FAE875E1D7EA08400456AE5 /* API.plist in Resources */,
				4FED3ABB1D93138500762E43 /* Player.storyboard in Resources */,
				4F1CBBB31D7D98D900C1FF1D /* Assets.xcassets in Resources */,
				4F1CBBB11D7D98D800C1FF1D /* Main.storyboard in Resources */,
			);
			runOnlyForDeploymentPostprocessing = 0;
		};
		4F1CBBBA1D7D98D900C1FF1D /* Resources */ = {
			isa = PBXResourcesBuildPhase;
			buildActionMask = 2147483647;
			files = (
			);
			runOnlyForDeploymentPostprocessing = 0;
		};
		4F1CBBC51D7D98D900C1FF1D /* Resources */ = {
			isa = PBXResourcesBuildPhase;
			buildActionMask = 2147483647;
			files = (
			);
			runOnlyForDeploymentPostprocessing = 0;
		};
/* End PBXResourcesBuildPhase section */

/* Begin PBXShellScriptBuildPhase section */
		15A51847A956B74891F8FC14 /* [CP] Embed Pods Frameworks */ = {
			isa = PBXShellScriptBuildPhase;
			buildActionMask = 2147483647;
			files = (
			);
			inputPaths = (
			);
			name = "[CP] Embed Pods Frameworks";
			outputPaths = (
			);
			runOnlyForDeploymentPostprocessing = 0;
			shellPath = /bin/sh;
			shellScript = "\"${SRCROOT}/Pods/Target Support Files/Pods-Cloud Player/Pods-Cloud Player-frameworks.sh\"\n";
			showEnvVarsInLog = 0;
		};
		1F2340E08533388465B7EC04 /* [CP] Check Pods Manifest.lock */ = {
			isa = PBXShellScriptBuildPhase;
			buildActionMask = 2147483647;
			files = (
			);
			inputPaths = (
			);
			name = "[CP] Check Pods Manifest.lock";
			outputPaths = (
			);
			runOnlyForDeploymentPostprocessing = 0;
			shellPath = /bin/sh;
			shellScript = "diff \"${PODS_ROOT}/../Podfile.lock\" \"${PODS_ROOT}/Manifest.lock\" > /dev/null\nif [[ $? != 0 ]] ; then\n    cat << EOM\nerror: The sandbox is not in sync with the Podfile.lock. Run 'pod install' or update your CocoaPods installation.\nEOM\n    exit 1\nfi\n";
			showEnvVarsInLog = 0;
		};
		2576452119436E38824B4871 /* [CP] Check Pods Manifest.lock */ = {
			isa = PBXShellScriptBuildPhase;
			buildActionMask = 2147483647;
			files = (
			);
			inputPaths = (
			);
			name = "[CP] Check Pods Manifest.lock";
			outputPaths = (
			);
			runOnlyForDeploymentPostprocessing = 0;
			shellPath = /bin/sh;
			shellScript = "diff \"${PODS_ROOT}/../Podfile.lock\" \"${PODS_ROOT}/Manifest.lock\" > /dev/null\nif [[ $? != 0 ]] ; then\n    cat << EOM\nerror: The sandbox is not in sync with the Podfile.lock. Run 'pod install' or update your CocoaPods installation.\nEOM\n    exit 1\nfi\n";
			showEnvVarsInLog = 0;
		};
		3978D7C9483B06B4409C0275 /* [CP] Copy Pods Resources */ = {
			isa = PBXShellScriptBuildPhase;
			buildActionMask = 2147483647;
			files = (
			);
			inputPaths = (
			);
			name = "[CP] Copy Pods Resources";
			outputPaths = (
			);
			runOnlyForDeploymentPostprocessing = 0;
			shellPath = /bin/sh;
			shellScript = "\"${SRCROOT}/Pods/Target Support Files/Pods-Cloud PlayerUITests/Pods-Cloud PlayerUITests-resources.sh\"\n";
			showEnvVarsInLog = 0;
		};
		3B6EBE2520031514F7155658 /* [CP] Copy Pods Resources */ = {
			isa = PBXShellScriptBuildPhase;
			buildActionMask = 2147483647;
			files = (
			);
			inputPaths = (
			);
			name = "[CP] Copy Pods Resources";
			outputPaths = (
			);
			runOnlyForDeploymentPostprocessing = 0;
			shellPath = /bin/sh;
			shellScript = "\"${SRCROOT}/Pods/Target Support Files/Pods-Cloud Player/Pods-Cloud Player-resources.sh\"\n";
			showEnvVarsInLog = 0;
		};
		4205C80A845962674F28274E /* [CP] Copy Pods Resources */ = {
			isa = PBXShellScriptBuildPhase;
			buildActionMask = 2147483647;
			files = (
			);
			inputPaths = (
			);
			name = "[CP] Copy Pods Resources";
			outputPaths = (
			);
			runOnlyForDeploymentPostprocessing = 0;
			shellPath = /bin/sh;
			shellScript = "\"${SRCROOT}/Pods/Target Support Files/Pods-Cloud PlayerTests/Pods-Cloud PlayerTests-resources.sh\"\n";
			showEnvVarsInLog = 0;
		};
		76935435C083F367B6F48F1C /* [CP] Embed Pods Frameworks */ = {
			isa = PBXShellScriptBuildPhase;
			buildActionMask = 2147483647;
			files = (
			);
			inputPaths = (
			);
			name = "[CP] Embed Pods Frameworks";
			outputPaths = (
			);
			runOnlyForDeploymentPostprocessing = 0;
			shellPath = /bin/sh;
			shellScript = "\"${SRCROOT}/Pods/Target Support Files/Pods-Cloud PlayerTests/Pods-Cloud PlayerTests-frameworks.sh\"\n";
			showEnvVarsInLog = 0;
		};
		845C088F1D26EC80CF2B774C /* [CP] Check Pods Manifest.lock */ = {
			isa = PBXShellScriptBuildPhase;
			buildActionMask = 2147483647;
			files = (
			);
			inputPaths = (
			);
			name = "[CP] Check Pods Manifest.lock";
			outputPaths = (
			);
			runOnlyForDeploymentPostprocessing = 0;
			shellPath = /bin/sh;
			shellScript = "diff \"${PODS_ROOT}/../Podfile.lock\" \"${PODS_ROOT}/Manifest.lock\" > /dev/null\nif [[ $? != 0 ]] ; then\n    cat << EOM\nerror: The sandbox is not in sync with the Podfile.lock. Run 'pod install' or update your CocoaPods installation.\nEOM\n    exit 1\nfi\n";
			showEnvVarsInLog = 0;
		};
/* End PBXShellScriptBuildPhase section */

/* Begin PBXSourcesBuildPhase section */
		4F1CBBA21D7D98D800C1FF1D /* Sources */ = {
			isa = PBXSourcesBuildPhase;
			buildActionMask = 2147483647;
			files = (
				4FB9B8EE1D8B6B7400785876 /* FileManager.swift in Sources */,
				4F877B5B1D882CE4008E7DCF /* Song.swift in Sources */,
				4FAE87691D7EA67600456AE5 /* LoginViewController.swift in Sources */,
				4F5418CA1D8886B60027E193 /* UIViewControllerExtension.swift in Sources */,
				4FAE87651D7EA27000456AE5 /* APIConstants.swift in Sources */,
				4FED3ABD1D931F1000762E43 /* PlayerViewController.swift in Sources */,
				4F5433D31D8735ED00495C32 /* LoginViewModel.swift in Sources */,
				4FAF17D21D89DD2D00E6B7BD /* SyncViewController.swift in Sources */,
				4FAF17D41D89DFA000E6B7BD /* DatabaseManager.swift in Sources */,
				4FAE876D1D7EA9C600456AE5 /* SongsViewController.swift in Sources */,
				4F5418CC1D888F5C0027E193 /* SongsTableViewCell.swift in Sources */,
				4F1CBBAA1D7D98D800C1FF1D /* AppDelegate.swift in Sources */,
				4F877B591D8829E2008E7DCF /* SongsViewModel.swift in Sources */,
				4F877B571D8829C7008E7DCF /* DropboxManager.swift in Sources */,
				4FACA9A51D8ACDF000EAB476 /* SyncTableViewCell.swift in Sources */,
				4FAE876B1D7EA78400456AE5 /* SettingsViewController.swift in Sources */,
				4FAF17D01D89DCF500E6B7BD /* SyncViewModel.swift in Sources */,
				4FACA9AA1D8B40F300EAB476 /* ActionState.swift in Sources */,
			);
			runOnlyForDeploymentPostprocessing = 0;
		};
		4F1CBBB81D7D98D900C1FF1D /* Sources */ = {
			isa = PBXSourcesBuildPhase;
			buildActionMask = 2147483647;
			files = (
				4F1CBBC11D7D98D900C1FF1D /* Cloud_PlayerTests.swift in Sources */,
			);
			runOnlyForDeploymentPostprocessing = 0;
		};
		4F1CBBC31D7D98D900C1FF1D /* Sources */ = {
			isa = PBXSourcesBuildPhase;
			buildActionMask = 2147483647;
			files = (
				4F1CBBCC1D7D98D900C1FF1D /* Cloud_PlayerUITests.swift in Sources */,
			);
			runOnlyForDeploymentPostprocessing = 0;
		};
/* End PBXSourcesBuildPhase section */

/* Begin PBXTargetDependency section */
		4F1CBBBE1D7D98D900C1FF1D /* PBXTargetDependency */ = {
			isa = PBXTargetDependency;
			target = 4F1CBBA51D7D98D800C1FF1D /* Cloud Player */;
			targetProxy = 4F1CBBBD1D7D98D900C1FF1D /* PBXContainerItemProxy */;
		};
		4F1CBBC91D7D98D900C1FF1D /* PBXTargetDependency */ = {
			isa = PBXTargetDependency;
			target = 4F1CBBA51D7D98D800C1FF1D /* Cloud Player */;
			targetProxy = 4F1CBBC81D7D98D900C1FF1D /* PBXContainerItemProxy */;
		};
/* End PBXTargetDependency section */

/* Begin PBXVariantGroup section */
		4F1CBBAF1D7D98D800C1FF1D /* Main.storyboard */ = {
			isa = PBXVariantGroup;
			children = (
				4F1CBBB01D7D98D800C1FF1D /* Base */,
			);
			name = Main.storyboard;
			sourceTree = "<group>";
		};
		4F1CBBB41D7D98D900C1FF1D /* LaunchScreen.storyboard */ = {
			isa = PBXVariantGroup;
			children = (
				4F1CBBB51D7D98D900C1FF1D /* Base */,
			);
			name = LaunchScreen.storyboard;
			sourceTree = "<group>";
		};
		4FBB462A1D7DEED6000D3F2F /* Songs.storyboard */ = {
			isa = PBXVariantGroup;
			children = (
				4FBB462B1D7DEED6000D3F2F /* Base */,
			);
			name = Songs.storyboard;
			sourceTree = "<group>";
		};
		4FBB462D1D7DEEE5000D3F2F /* Playlists.storyboard */ = {
			isa = PBXVariantGroup;
			children = (
				4FBB462E1D7DEEE5000D3F2F /* Base */,
			);
			name = Playlists.storyboard;
			sourceTree = "<group>";
		};
		4FBB46301D7DEF5C000D3F2F /* Settings.storyboard */ = {
			isa = PBXVariantGroup;
			children = (
				4FBB46311D7DEF5C000D3F2F /* Base */,
			);
			name = Settings.storyboard;
			sourceTree = "<group>";
		};
		4FBB46331D7DEFB8000D3F2F /* Favorites.storyboard */ = {
			isa = PBXVariantGroup;
			children = (
				4FBB46341D7DEFB8000D3F2F /* Base */,
			);
			name = Favorites.storyboard;
			sourceTree = "<group>";
		};
		4FED3AB91D93138500762E43 /* Player.storyboard */ = {
			isa = PBXVariantGroup;
			children = (
				4FED3ABA1D93138500762E43 /* Base */,
			);
			name = Player.storyboard;
			sourceTree = "<group>";
		};
/* End PBXVariantGroup section */

/* Begin XCBuildConfiguration section */
		4F1CBBCE1D7D98D900C1FF1D /* Debug */ = {
			isa = XCBuildConfiguration;
			buildSettings = {
				ALWAYS_SEARCH_USER_PATHS = NO;
				CLANG_ANALYZER_NONNULL = YES;
				CLANG_CXX_LANGUAGE_STANDARD = "gnu++0x";
				CLANG_CXX_LIBRARY = "libc++";
				CLANG_ENABLE_MODULES = YES;
				CLANG_ENABLE_OBJC_ARC = YES;
				CLANG_WARN_BOOL_CONVERSION = YES;
				CLANG_WARN_CONSTANT_CONVERSION = YES;
				CLANG_WARN_DIRECT_OBJC_ISA_USAGE = YES_ERROR;
				CLANG_WARN_EMPTY_BODY = YES;
				CLANG_WARN_ENUM_CONVERSION = YES;
				CLANG_WARN_INT_CONVERSION = YES;
				CLANG_WARN_OBJC_ROOT_CLASS = YES_ERROR;
				CLANG_WARN_UNREACHABLE_CODE = YES;
				CLANG_WARN__DUPLICATE_METHOD_MATCH = YES;
				"CODE_SIGN_IDENTITY[sdk=iphoneos*]" = "iPhone Developer";
				COPY_PHASE_STRIP = NO;
				DEBUG_INFORMATION_FORMAT = dwarf;
				ENABLE_STRICT_OBJC_MSGSEND = YES;
				ENABLE_TESTABILITY = YES;
				GCC_C_LANGUAGE_STANDARD = gnu99;
				GCC_DYNAMIC_NO_PIC = NO;
				GCC_NO_COMMON_BLOCKS = YES;
				GCC_OPTIMIZATION_LEVEL = 0;
				GCC_PREPROCESSOR_DEFINITIONS = (
					"DEBUG=1",
					"$(inherited)",
				);
				GCC_WARN_64_TO_32_BIT_CONVERSION = YES;
				GCC_WARN_ABOUT_RETURN_TYPE = YES_ERROR;
				GCC_WARN_UNDECLARED_SELECTOR = YES;
				GCC_WARN_UNINITIALIZED_AUTOS = YES_AGGRESSIVE;
				GCC_WARN_UNUSED_FUNCTION = YES;
				GCC_WARN_UNUSED_VARIABLE = YES;
				IPHONEOS_DEPLOYMENT_TARGET = 9.3;
				MTL_ENABLE_DEBUG_INFO = YES;
				ONLY_ACTIVE_ARCH = YES;
				SDKROOT = iphoneos;
				SWIFT_OPTIMIZATION_LEVEL = "-Onone";
				TARGETED_DEVICE_FAMILY = "1,2";
			};
			name = Debug;
		};
		4F1CBBCF1D7D98D900C1FF1D /* Release */ = {
			isa = XCBuildConfiguration;
			buildSettings = {
				ALWAYS_SEARCH_USER_PATHS = NO;
				CLANG_ANALYZER_NONNULL = YES;
				CLANG_CXX_LANGUAGE_STANDARD = "gnu++0x";
				CLANG_CXX_LIBRARY = "libc++";
				CLANG_ENABLE_MODULES = YES;
				CLANG_ENABLE_OBJC_ARC = YES;
				CLANG_WARN_BOOL_CONVERSION = YES;
				CLANG_WARN_CONSTANT_CONVERSION = YES;
				CLANG_WARN_DIRECT_OBJC_ISA_USAGE = YES_ERROR;
				CLANG_WARN_EMPTY_BODY = YES;
				CLANG_WARN_ENUM_CONVERSION = YES;
				CLANG_WARN_INT_CONVERSION = YES;
				CLANG_WARN_OBJC_ROOT_CLASS = YES_ERROR;
				CLANG_WARN_UNREACHABLE_CODE = YES;
				CLANG_WARN__DUPLICATE_METHOD_MATCH = YES;
				"CODE_SIGN_IDENTITY[sdk=iphoneos*]" = "iPhone Developer";
				COPY_PHASE_STRIP = NO;
				DEBUG_INFORMATION_FORMAT = "dwarf-with-dsym";
				ENABLE_NS_ASSERTIONS = NO;
				ENABLE_STRICT_OBJC_MSGSEND = YES;
				GCC_C_LANGUAGE_STANDARD = gnu99;
				GCC_NO_COMMON_BLOCKS = YES;
				GCC_WARN_64_TO_32_BIT_CONVERSION = YES;
				GCC_WARN_ABOUT_RETURN_TYPE = YES_ERROR;
				GCC_WARN_UNDECLARED_SELECTOR = YES;
				GCC_WARN_UNINITIALIZED_AUTOS = YES_AGGRESSIVE;
				GCC_WARN_UNUSED_FUNCTION = YES;
				GCC_WARN_UNUSED_VARIABLE = YES;
				IPHONEOS_DEPLOYMENT_TARGET = 9.3;
				MTL_ENABLE_DEBUG_INFO = NO;
				SDKROOT = iphoneos;
				TARGETED_DEVICE_FAMILY = "1,2";
				VALIDATE_PRODUCT = YES;
			};
			name = Release;
		};
		4F1CBBD11D7D98D900C1FF1D /* Debug */ = {
			isa = XCBuildConfiguration;
			baseConfigurationReference = 30A3F2E22077B1B04CF75175 /* Pods-Cloud Player.debug.xcconfig */;
			buildSettings = {
				ASSETCATALOG_COMPILER_APPICON_NAME = AppIcon;
				INFOPLIST_FILE = "$(SRCROOT)/Cloud Player/Supporting Files/Info.plist";
				LD_RUNPATH_SEARCH_PATHS = "$(inherited) @executable_path/Frameworks";
				PRODUCT_BUNDLE_IDENTIFIER = "com.nikolamajcen.Cloud-Player";
				PRODUCT_NAME = "$(TARGET_NAME)";
			};
			name = Debug;
		};
		4F1CBBD21D7D98D900C1FF1D /* Release */ = {
			isa = XCBuildConfiguration;
			baseConfigurationReference = 209A4A5BDDB060585E4DB08A /* Pods-Cloud Player.release.xcconfig */;
			buildSettings = {
				ASSETCATALOG_COMPILER_APPICON_NAME = AppIcon;
				INFOPLIST_FILE = "$(SRCROOT)/Cloud Player/Supporting Files/Info.plist";
				LD_RUNPATH_SEARCH_PATHS = "$(inherited) @executable_path/Frameworks";
				PRODUCT_BUNDLE_IDENTIFIER = "com.nikolamajcen.Cloud-Player";
				PRODUCT_NAME = "$(TARGET_NAME)";
			};
			name = Release;
		};
		4F1CBBD41D7D98D900C1FF1D /* Debug */ = {
			isa = XCBuildConfiguration;
			baseConfigurationReference = 40A1F828AC636D3042862F24 /* Pods-Cloud PlayerTests.debug.xcconfig */;
			buildSettings = {
				BUNDLE_LOADER = "$(TEST_HOST)";
				INFOPLIST_FILE = "Cloud PlayerTests/Info.plist";
				LD_RUNPATH_SEARCH_PATHS = "$(inherited) @executable_path/Frameworks @loader_path/Frameworks";
				PRODUCT_BUNDLE_IDENTIFIER = "com.nikolamajcen.Cloud-PlayerTests";
				PRODUCT_NAME = "$(TARGET_NAME)";
				TEST_HOST = "$(BUILT_PRODUCTS_DIR)/Cloud Player.app/Cloud Player";
			};
			name = Debug;
		};
		4F1CBBD51D7D98D900C1FF1D /* Release */ = {
			isa = XCBuildConfiguration;
			baseConfigurationReference = B59319A77DE8BF2AAC5F4F6F /* Pods-Cloud PlayerTests.release.xcconfig */;
			buildSettings = {
				BUNDLE_LOADER = "$(TEST_HOST)";
				INFOPLIST_FILE = "Cloud PlayerTests/Info.plist";
				LD_RUNPATH_SEARCH_PATHS = "$(inherited) @executable_path/Frameworks @loader_path/Frameworks";
				PRODUCT_BUNDLE_IDENTIFIER = "com.nikolamajcen.Cloud-PlayerTests";
				PRODUCT_NAME = "$(TARGET_NAME)";
				TEST_HOST = "$(BUILT_PRODUCTS_DIR)/Cloud Player.app/Cloud Player";
			};
			name = Release;
		};
		4F1CBBD71D7D98D900C1FF1D /* Debug */ = {
			isa = XCBuildConfiguration;
			baseConfigurationReference = 3CDA58929DA8AAC940D548B5 /* Pods-Cloud PlayerUITests.debug.xcconfig */;
			buildSettings = {
				INFOPLIST_FILE = "Cloud PlayerUITests/Info.plist";
				LD_RUNPATH_SEARCH_PATHS = "$(inherited) @executable_path/Frameworks @loader_path/Frameworks";
				PRODUCT_BUNDLE_IDENTIFIER = "com.nikolamajcen.Cloud-PlayerUITests";
				PRODUCT_NAME = "$(TARGET_NAME)";
				TEST_TARGET_NAME = "Cloud Player";
			};
			name = Debug;
		};
		4F1CBBD81D7D98D900C1FF1D /* Release */ = {
			isa = XCBuildConfiguration;
			baseConfigurationReference = 111619D0ABEBB87869888D98 /* Pods-Cloud PlayerUITests.release.xcconfig */;
			buildSettings = {
				INFOPLIST_FILE = "Cloud PlayerUITests/Info.plist";
				LD_RUNPATH_SEARCH_PATHS = "$(inherited) @executable_path/Frameworks @loader_path/Frameworks";
				PRODUCT_BUNDLE_IDENTIFIER = "com.nikolamajcen.Cloud-PlayerUITests";
				PRODUCT_NAME = "$(TARGET_NAME)";
				TEST_TARGET_NAME = "Cloud Player";
			};
			name = Release;
		};
/* End XCBuildConfiguration section */

/* Begin XCConfigurationList section */
		4F1CBBA11D7D98D800C1FF1D /* Build configuration list for PBXProject "Cloud Player" */ = {
			isa = XCConfigurationList;
			buildConfigurations = (
				4F1CBBCE1D7D98D900C1FF1D /* Debug */,
				4F1CBBCF1D7D98D900C1FF1D /* Release */,
			);
			defaultConfigurationIsVisible = 0;
			defaultConfigurationName = Release;
		};
		4F1CBBD01D7D98D900C1FF1D /* Build configuration list for PBXNativeTarget "Cloud Player" */ = {
			isa = XCConfigurationList;
			buildConfigurations = (
				4F1CBBD11D7D98D900C1FF1D /* Debug */,
				4F1CBBD21D7D98D900C1FF1D /* Release */,
			);
			defaultConfigurationIsVisible = 0;
			defaultConfigurationName = Release;
		};
		4F1CBBD31D7D98D900C1FF1D /* Build configuration list for PBXNativeTarget "Cloud PlayerTests" */ = {
			isa = XCConfigurationList;
			buildConfigurations = (
				4F1CBBD41D7D98D900C1FF1D /* Debug */,
				4F1CBBD51D7D98D900C1FF1D /* Release */,
			);
			defaultConfigurationIsVisible = 0;
			defaultConfigurationName = Release;
		};
		4F1CBBD61D7D98D900C1FF1D /* Build configuration list for PBXNativeTarget "Cloud PlayerUITests" */ = {
			isa = XCConfigurationList;
			buildConfigurations = (
				4F1CBBD71D7D98D900C1FF1D /* Debug */,
				4F1CBBD81D7D98D900C1FF1D /* Release */,
			);
			defaultConfigurationIsVisible = 0;
			defaultConfigurationName = Release;
		};
/* End XCConfigurationList section */
	};
	rootObject = 4F1CBB9E1D7D98D800C1FF1D /* Project object */;
}
